{
  "name": "carepop",
  "lockfileVersion": 3,
  "requires": true,
  "packages": {
    "": {
      "dependencies": {
        "@radix-ui/react-icons": "^1.3.2",
        "@radix-ui/react-tooltip": "^1.2.7",
        "@react-oauth/google": "^0.12.2",
        "axios": "^1.9.0",
        "cmdk": "^1.1.1",
        "cors": "^2.8.5",
        "date-fns": "^4.1.0",
        "framer-motion": "^12.12.1",
        "node-cache": "^5.1.2",
        "react-day-picker": "^9.7.0",
        "swr": "^2.3.3",
        "use-debounce": "^10.0.5"
      },
      "devDependencies": {
        "@types/node-cache": "^4.1.3",
        "tailwindcss-animate": "^1.0.7"
      }
    },
    "node_modules/@date-fns/tz": {
      "version": "1.2.0",
      "resolved": "https://registry.npmjs.org/@date-fns/tz/-/tz-1.2.0.tgz",
      "integrity": "sha512-LBrd7MiJZ9McsOgxqWX7AaxrDjcFVjWH/tIKJd7pnR7McaslGYOP1QmmiBXdJH/H/yLCT+rcQ7FaPBUxRGUtrg==",
      "license": "MIT"
    },
    "node_modules/@floating-ui/core": {
      "version": "1.7.1",
      "resolved": "https://registry.npmjs.org/@floating-ui/core/-/core-1.7.1.tgz",
      "integrity": "sha512-azI0DrjMMfIug/ExbBaeDVJXcY0a7EPvPjb2xAJPa4HeimBX+Z18HK8QQR3jb6356SnDDdxx+hinMLcJEDdOjw==",
      "license": "MIT",
      "dependencies": {
        "@floating-ui/utils": "^0.2.9"
      }
    },
    "node_modules/@floating-ui/dom": {
      "version": "1.7.1",
      "resolved": "https://registry.npmjs.org/@floating-ui/dom/-/dom-1.7.1.tgz",
      "integrity": "sha512-cwsmW/zyw5ltYTUeeYJ60CnQuPqmGwuGVhG9w0PRaRKkAyi38BT5CKrpIbb+jtahSwUl04cWzSx9ZOIxeS6RsQ==",
      "license": "MIT",
      "dependencies": {
        "@floating-ui/core": "^1.7.1",
        "@floating-ui/utils": "^0.2.9"
      }
    },
    "node_modules/@floating-ui/react-dom": {
      "version": "2.1.3",
      "resolved": "https://registry.npmjs.org/@floating-ui/react-dom/-/react-dom-2.1.3.tgz",
      "integrity": "sha512-huMBfiU9UnQ2oBwIhgzyIiSpVgvlDstU8CX0AF+wS+KzmYMs0J2a3GwuFHV1Lz+jlrQGeC1fF+Nv0QoumyV0bA==",
      "license": "MIT",
      "dependencies": {
        "@floating-ui/dom": "^1.0.0"
      },
      "peerDependencies": {
        "react": ">=16.8.0",
        "react-dom": ">=16.8.0"
      }
    },
    "node_modules/@floating-ui/utils": {
      "version": "0.2.9",
      "resolved": "https://registry.npmjs.org/@floating-ui/utils/-/utils-0.2.9.tgz",
      "integrity": "sha512-MDWhGtE+eHw5JW7lq4qhc5yRLS11ERl1c7Z6Xd0a58DozHES6EnNNwUWbMiG4J9Cgj053Bhk8zvlhFYKVhULwg==",
      "license": "MIT"
    },
    "node_modules/@radix-ui/primitive": {
      "version": "1.1.2",
      "resolved": "https://registry.npmjs.org/@radix-ui/primitive/-/primitive-1.1.2.tgz",
      "integrity": "sha512-XnbHrrprsNqZKQhStrSwgRUQzoCI1glLzdw79xiZPoofhGICeZRSQ3dIxAKH1gb3OHfNf4d6f+vAv3kil2eggA==",
      "license": "MIT"
    },
    "node_modules/@radix-ui/react-arrow": {
      "version": "1.1.7",
      "resolved": "https://registry.npmjs.org/@radix-ui/react-arrow/-/react-arrow-1.1.7.tgz",
      "integrity": "sha512-F+M1tLhO+mlQaOWspE8Wstg+z6PwxwRd8oQ8IXceWz92kfAmalTRf0EjrouQeo7QssEPfCn05B4Ihs1K9WQ/7w==",
      "license": "MIT",
      "dependencies": {
        "@radix-ui/react-primitive": "2.1.3"
      },
      "peerDependencies": {
        "@types/react": "*",
        "@types/react-dom": "*",
        "react": "^16.8 || ^17.0 || ^18.0 || ^19.0 || ^19.0.0-rc",
        "react-dom": "^16.8 || ^17.0 || ^18.0 || ^19.0 || ^19.0.0-rc"
      },
      "peerDependenciesMeta": {
        "@types/react": {
          "optional": true
        },
        "@types/react-dom": {
          "optional": true
        }
      }
    },
    "node_modules/@radix-ui/react-compose-refs": {
      "version": "1.1.2",
      "resolved": "https://registry.npmjs.org/@radix-ui/react-compose-refs/-/react-compose-refs-1.1.2.tgz",
      "integrity": "sha512-z4eqJvfiNnFMHIIvXP3CY57y2WJs5g2v3X0zm9mEJkrkNv4rDxu+sg9Jh8EkXyeqBkB7SOcboo9dMVqhyrACIg==",
      "license": "MIT",
      "peerDependencies": {
        "@types/react": "*",
        "react": "^16.8 || ^17.0 || ^18.0 || ^19.0 || ^19.0.0-rc"
      },
      "peerDependenciesMeta": {
        "@types/react": {
          "optional": true
        }
      }
    },
    "node_modules/@radix-ui/react-context": {
      "version": "1.1.2",
      "resolved": "https://registry.npmjs.org/@radix-ui/react-context/-/react-context-1.1.2.tgz",
      "integrity": "sha512-jCi/QKUM2r1Ju5a3J64TH2A5SpKAgh0LpknyqdQ4m6DCV0xJ2HG1xARRwNGPQfi1SLdLWZ1OJz6F4OMBBNiGJA==",
      "license": "MIT",
      "peerDependencies": {
        "@types/react": "*",
        "react": "^16.8 || ^17.0 || ^18.0 || ^19.0 || ^19.0.0-rc"
      },
      "peerDependenciesMeta": {
        "@types/react": {
          "optional": true
        }
      }
    },
    "node_modules/@radix-ui/react-dialog": {
      "version": "1.1.14",
      "resolved": "https://registry.npmjs.org/@radix-ui/react-dialog/-/react-dialog-1.1.14.tgz",
      "integrity": "sha512-+CpweKjqpzTmwRwcYECQcNYbI8V9VSQt0SNFKeEBLgfucbsLssU6Ppq7wUdNXEGb573bMjFhVjKVll8rmV6zMw==",
      "license": "MIT",
      "dependencies": {
        "@radix-ui/primitive": "1.1.2",
        "@radix-ui/react-compose-refs": "1.1.2",
        "@radix-ui/react-context": "1.1.2",
        "@radix-ui/react-dismissable-layer": "1.1.10",
        "@radix-ui/react-focus-guards": "1.1.2",
        "@radix-ui/react-focus-scope": "1.1.7",
        "@radix-ui/react-id": "1.1.1",
        "@radix-ui/react-portal": "1.1.9",
        "@radix-ui/react-presence": "1.1.4",
        "@radix-ui/react-primitive": "2.1.3",
        "@radix-ui/react-slot": "1.2.3",
        "@radix-ui/react-use-controllable-state": "1.2.2",
        "aria-hidden": "^1.2.4",
        "react-remove-scroll": "^2.6.3"
      },
      "peerDependencies": {
        "@types/react": "*",
        "@types/react-dom": "*",
        "react": "^16.8 || ^17.0 || ^18.0 || ^19.0 || ^19.0.0-rc",
        "react-dom": "^16.8 || ^17.0 || ^18.0 || ^19.0 || ^19.0.0-rc"
      },
      "peerDependenciesMeta": {
        "@types/react": {
          "optional": true
        },
        "@types/react-dom": {
          "optional": true
        }
      }
    },
    "node_modules/@radix-ui/react-dismissable-layer": {
      "version": "1.1.10",
      "resolved": "https://registry.npmjs.org/@radix-ui/react-dismissable-layer/-/react-dismissable-layer-1.1.10.tgz",
      "integrity": "sha512-IM1zzRV4W3HtVgftdQiiOmA0AdJlCtMLe00FXaHwgt3rAnNsIyDqshvkIW3hj/iu5hu8ERP7KIYki6NkqDxAwQ==",
      "license": "MIT",
      "dependencies": {
        "@radix-ui/primitive": "1.1.2",
        "@radix-ui/react-compose-refs": "1.1.2",
        "@radix-ui/react-primitive": "2.1.3",
        "@radix-ui/react-use-callback-ref": "1.1.1",
        "@radix-ui/react-use-escape-keydown": "1.1.1"
      },
      "peerDependencies": {
        "@types/react": "*",
        "@types/react-dom": "*",
        "react": "^16.8 || ^17.0 || ^18.0 || ^19.0 || ^19.0.0-rc",
        "react-dom": "^16.8 || ^17.0 || ^18.0 || ^19.0 || ^19.0.0-rc"
      },
      "peerDependenciesMeta": {
        "@types/react": {
          "optional": true
        },
        "@types/react-dom": {
          "optional": true
        }
      }
    },
    "node_modules/@radix-ui/react-focus-guards": {
      "version": "1.1.2",
      "resolved": "https://registry.npmjs.org/@radix-ui/react-focus-guards/-/react-focus-guards-1.1.2.tgz",
      "integrity": "sha512-fyjAACV62oPV925xFCrH8DR5xWhg9KYtJT4s3u54jxp+L/hbpTY2kIeEFFbFe+a/HCE94zGQMZLIpVTPVZDhaA==",
      "license": "MIT",
      "peerDependencies": {
        "@types/react": "*",
        "react": "^16.8 || ^17.0 || ^18.0 || ^19.0 || ^19.0.0-rc"
      },
      "peerDependenciesMeta": {
        "@types/react": {
          "optional": true
        }
      }
    },
    "node_modules/@radix-ui/react-focus-scope": {
      "version": "1.1.7",
      "resolved": "https://registry.npmjs.org/@radix-ui/react-focus-scope/-/react-focus-scope-1.1.7.tgz",
      "integrity": "sha512-t2ODlkXBQyn7jkl6TNaw/MtVEVvIGelJDCG41Okq/KwUsJBwQ4XVZsHAVUkK4mBv3ewiAS3PGuUWuY2BoK4ZUw==",
      "license": "MIT",
      "dependencies": {
        "@radix-ui/react-compose-refs": "1.1.2",
        "@radix-ui/react-primitive": "2.1.3",
        "@radix-ui/react-use-callback-ref": "1.1.1"
      },
      "peerDependencies": {
        "@types/react": "*",
        "@types/react-dom": "*",
        "react": "^16.8 || ^17.0 || ^18.0 || ^19.0 || ^19.0.0-rc",
        "react-dom": "^16.8 || ^17.0 || ^18.0 || ^19.0 || ^19.0.0-rc"
      },
      "peerDependenciesMeta": {
        "@types/react": {
          "optional": true
        },
        "@types/react-dom": {
          "optional": true
        }
      }
    },
    "node_modules/@radix-ui/react-icons": {
      "version": "1.3.2",
      "resolved": "https://registry.npmjs.org/@radix-ui/react-icons/-/react-icons-1.3.2.tgz",
      "integrity": "sha512-fyQIhGDhzfc9pK2kH6Pl9c4BDJGfMkPqkyIgYDthyNYoNg3wVhoJMMh19WS4Up/1KMPFVpNsT2q3WmXn2N1m6g==",
      "license": "MIT",
      "peerDependencies": {
        "react": "^16.x || ^17.x || ^18.x || ^19.0.0 || ^19.0.0-rc"
      }
    },
    "node_modules/@radix-ui/react-id": {
      "version": "1.1.1",
      "resolved": "https://registry.npmjs.org/@radix-ui/react-id/-/react-id-1.1.1.tgz",
      "integrity": "sha512-kGkGegYIdQsOb4XjsfM97rXsiHaBwco+hFI66oO4s9LU+PLAC5oJ7khdOVFxkhsmlbpUqDAvXw11CluXP+jkHg==",
      "license": "MIT",
      "dependencies": {
        "@radix-ui/react-use-layout-effect": "1.1.1"
      },
      "peerDependencies": {
        "@types/react": "*",
        "react": "^16.8 || ^17.0 || ^18.0 || ^19.0 || ^19.0.0-rc"
      },
      "peerDependenciesMeta": {
        "@types/react": {
          "optional": true
        }
      }
    },
    "node_modules/@radix-ui/react-popper": {
      "version": "1.2.7",
      "resolved": "https://registry.npmjs.org/@radix-ui/react-popper/-/react-popper-1.2.7.tgz",
      "integrity": "sha512-IUFAccz1JyKcf/RjB552PlWwxjeCJB8/4KxT7EhBHOJM+mN7LdW+B3kacJXILm32xawcMMjb2i0cIZpo+f9kiQ==",
      "license": "MIT",
      "dependencies": {
        "@floating-ui/react-dom": "^2.0.0",
        "@radix-ui/react-arrow": "1.1.7",
        "@radix-ui/react-compose-refs": "1.1.2",
        "@radix-ui/react-context": "1.1.2",
        "@radix-ui/react-primitive": "2.1.3",
        "@radix-ui/react-use-callback-ref": "1.1.1",
        "@radix-ui/react-use-layout-effect": "1.1.1",
        "@radix-ui/react-use-rect": "1.1.1",
        "@radix-ui/react-use-size": "1.1.1",
        "@radix-ui/rect": "1.1.1"
      },
      "peerDependencies": {
        "@types/react": "*",
        "@types/react-dom": "*",
        "react": "^16.8 || ^17.0 || ^18.0 || ^19.0 || ^19.0.0-rc",
        "react-dom": "^16.8 || ^17.0 || ^18.0 || ^19.0 || ^19.0.0-rc"
      },
      "peerDependenciesMeta": {
        "@types/react": {
          "optional": true
        },
        "@types/react-dom": {
          "optional": true
        }
      }
    },
    "node_modules/@radix-ui/react-portal": {
      "version": "1.1.9",
      "resolved": "https://registry.npmjs.org/@radix-ui/react-portal/-/react-portal-1.1.9.tgz",
      "integrity": "sha512-bpIxvq03if6UNwXZ+HTK71JLh4APvnXntDc6XOX8UVq4XQOVl7lwok0AvIl+b8zgCw3fSaVTZMpAPPagXbKmHQ==",
      "license": "MIT",
      "dependencies": {
        "@radix-ui/react-primitive": "2.1.3",
        "@radix-ui/react-use-layout-effect": "1.1.1"
      },
      "peerDependencies": {
        "@types/react": "*",
        "@types/react-dom": "*",
        "react": "^16.8 || ^17.0 || ^18.0 || ^19.0 || ^19.0.0-rc",
        "react-dom": "^16.8 || ^17.0 || ^18.0 || ^19.0 || ^19.0.0-rc"
      },
      "peerDependenciesMeta": {
        "@types/react": {
          "optional": true
        },
        "@types/react-dom": {
          "optional": true
        }
      }
    },
    "node_modules/@radix-ui/react-presence": {
      "version": "1.1.4",
      "resolved": "https://registry.npmjs.org/@radix-ui/react-presence/-/react-presence-1.1.4.tgz",
      "integrity": "sha512-ueDqRbdc4/bkaQT3GIpLQssRlFgWaL/U2z/S31qRwwLWoxHLgry3SIfCwhxeQNbirEUXFa+lq3RL3oBYXtcmIA==",
      "license": "MIT",
      "dependencies": {
        "@radix-ui/react-compose-refs": "1.1.2",
        "@radix-ui/react-use-layout-effect": "1.1.1"
      },
      "peerDependencies": {
        "@types/react": "*",
        "@types/react-dom": "*",
        "react": "^16.8 || ^17.0 || ^18.0 || ^19.0 || ^19.0.0-rc",
        "react-dom": "^16.8 || ^17.0 || ^18.0 || ^19.0 || ^19.0.0-rc"
      },
      "peerDependenciesMeta": {
        "@types/react": {
          "optional": true
        },
        "@types/react-dom": {
          "optional": true
        }
      }
    },
    "node_modules/@radix-ui/react-primitive": {
      "version": "2.1.3",
      "resolved": "https://registry.npmjs.org/@radix-ui/react-primitive/-/react-primitive-2.1.3.tgz",
      "integrity": "sha512-m9gTwRkhy2lvCPe6QJp4d3G1TYEUHn/FzJUtq9MjH46an1wJU+GdoGC5VLof8RX8Ft/DlpshApkhswDLZzHIcQ==",
      "license": "MIT",
      "dependencies": {
        "@radix-ui/react-slot": "1.2.3"
      },
      "peerDependencies": {
        "@types/react": "*",
        "@types/react-dom": "*",
        "react": "^16.8 || ^17.0 || ^18.0 || ^19.0 || ^19.0.0-rc",
        "react-dom": "^16.8 || ^17.0 || ^18.0 || ^19.0 || ^19.0.0-rc"
      },
      "peerDependenciesMeta": {
        "@types/react": {
          "optional": true
        },
        "@types/react-dom": {
          "optional": true
        }
      }
    },
    "node_modules/@radix-ui/react-slot": {
      "version": "1.2.3",
      "resolved": "https://registry.npmjs.org/@radix-ui/react-slot/-/react-slot-1.2.3.tgz",
      "integrity": "sha512-aeNmHnBxbi2St0au6VBVC7JXFlhLlOnvIIlePNniyUNAClzmtAUEY8/pBiK3iHjufOlwA+c20/8jngo7xcrg8A==",
      "license": "MIT",
      "dependencies": {
        "@radix-ui/react-compose-refs": "1.1.2"
      },
      "peerDependencies": {
        "@types/react": "*",
        "react": "^16.8 || ^17.0 || ^18.0 || ^19.0 || ^19.0.0-rc"
      },
      "peerDependenciesMeta": {
        "@types/react": {
          "optional": true
        }
      }
    },
    "node_modules/@radix-ui/react-tooltip": {
      "version": "1.2.7",
      "resolved": "https://registry.npmjs.org/@radix-ui/react-tooltip/-/react-tooltip-1.2.7.tgz",
      "integrity": "sha512-Ap+fNYwKTYJ9pzqW+Xe2HtMRbQ/EeWkj2qykZ6SuEV4iS/o1bZI5ssJbk4D2r8XuDuOBVz/tIx2JObtuqU+5Zw==",
      "license": "MIT",
      "dependencies": {
        "@radix-ui/primitive": "1.1.2",
        "@radix-ui/react-compose-refs": "1.1.2",
        "@radix-ui/react-context": "1.1.2",
        "@radix-ui/react-dismissable-layer": "1.1.10",
        "@radix-ui/react-id": "1.1.1",
        "@radix-ui/react-popper": "1.2.7",
        "@radix-ui/react-portal": "1.1.9",
        "@radix-ui/react-presence": "1.1.4",
        "@radix-ui/react-primitive": "2.1.3",
        "@radix-ui/react-slot": "1.2.3",
        "@radix-ui/react-use-controllable-state": "1.2.2",
        "@radix-ui/react-visually-hidden": "1.2.3"
      },
      "peerDependencies": {
        "@types/react": "*",
        "@types/react-dom": "*",
        "react": "^16.8 || ^17.0 || ^18.0 || ^19.0 || ^19.0.0-rc",
        "react-dom": "^16.8 || ^17.0 || ^18.0 || ^19.0 || ^19.0.0-rc"
      },
      "peerDependenciesMeta": {
        "@types/react": {
          "optional": true
        },
        "@types/react-dom": {
          "optional": true
        }
      }
    },
    "node_modules/@radix-ui/react-use-callback-ref": {
      "version": "1.1.1",
      "resolved": "https://registry.npmjs.org/@radix-ui/react-use-callback-ref/-/react-use-callback-ref-1.1.1.tgz",
      "integrity": "sha512-FkBMwD+qbGQeMu1cOHnuGB6x4yzPjho8ap5WtbEJ26umhgqVXbhekKUQO+hZEL1vU92a3wHwdp0HAcqAUF5iDg==",
      "license": "MIT",
      "peerDependencies": {
        "@types/react": "*",
        "react": "^16.8 || ^17.0 || ^18.0 || ^19.0 || ^19.0.0-rc"
      },
      "peerDependenciesMeta": {
        "@types/react": {
          "optional": true
        }
      }
    },
    "node_modules/@radix-ui/react-use-controllable-state": {
      "version": "1.2.2",
      "resolved": "https://registry.npmjs.org/@radix-ui/react-use-controllable-state/-/react-use-controllable-state-1.2.2.tgz",
      "integrity": "sha512-BjasUjixPFdS+NKkypcyyN5Pmg83Olst0+c6vGov0diwTEo6mgdqVR6hxcEgFuh4QrAs7Rc+9KuGJ9TVCj0Zzg==",
      "license": "MIT",
      "dependencies": {
        "@radix-ui/react-use-effect-event": "0.0.2",
        "@radix-ui/react-use-layout-effect": "1.1.1"
      },
      "peerDependencies": {
        "@types/react": "*",
        "react": "^16.8 || ^17.0 || ^18.0 || ^19.0 || ^19.0.0-rc"
      },
      "peerDependenciesMeta": {
        "@types/react": {
          "optional": true
        }
      }
    },
    "node_modules/@radix-ui/react-use-effect-event": {
      "version": "0.0.2",
      "resolved": "https://registry.npmjs.org/@radix-ui/react-use-effect-event/-/react-use-effect-event-0.0.2.tgz",
      "integrity": "sha512-Qp8WbZOBe+blgpuUT+lw2xheLP8q0oatc9UpmiemEICxGvFLYmHm9QowVZGHtJlGbS6A6yJ3iViad/2cVjnOiA==",
      "license": "MIT",
      "dependencies": {
        "@radix-ui/react-use-layout-effect": "1.1.1"
      },
      "peerDependencies": {
        "@types/react": "*",
        "react": "^16.8 || ^17.0 || ^18.0 || ^19.0 || ^19.0.0-rc"
      },
      "peerDependenciesMeta": {
        "@types/react": {
          "optional": true
        }
      }
    },
    "node_modules/@radix-ui/react-use-escape-keydown": {
      "version": "1.1.1",
      "resolved": "https://registry.npmjs.org/@radix-ui/react-use-escape-keydown/-/react-use-escape-keydown-1.1.1.tgz",
      "integrity": "sha512-Il0+boE7w/XebUHyBjroE+DbByORGR9KKmITzbR7MyQ4akpORYP/ZmbhAr0DG7RmmBqoOnZdy2QlvajJ2QA59g==",
      "license": "MIT",
      "dependencies": {
        "@radix-ui/react-use-callback-ref": "1.1.1"
      },
      "peerDependencies": {
        "@types/react": "*",
        "react": "^16.8 || ^17.0 || ^18.0 || ^19.0 || ^19.0.0-rc"
      },
      "peerDependenciesMeta": {
        "@types/react": {
          "optional": true
        }
      }
    },
    "node_modules/@radix-ui/react-use-layout-effect": {
      "version": "1.1.1",
      "resolved": "https://registry.npmjs.org/@radix-ui/react-use-layout-effect/-/react-use-layout-effect-1.1.1.tgz",
      "integrity": "sha512-RbJRS4UWQFkzHTTwVymMTUv8EqYhOp8dOOviLj2ugtTiXRaRQS7GLGxZTLL1jWhMeoSCf5zmcZkqTl9IiYfXcQ==",
      "license": "MIT",
      "peerDependencies": {
        "@types/react": "*",
        "react": "^16.8 || ^17.0 || ^18.0 || ^19.0 || ^19.0.0-rc"
      },
      "peerDependenciesMeta": {
        "@types/react": {
          "optional": true
        }
      }
    },
    "node_modules/@radix-ui/react-use-rect": {
      "version": "1.1.1",
      "resolved": "https://registry.npmjs.org/@radix-ui/react-use-rect/-/react-use-rect-1.1.1.tgz",
      "integrity": "sha512-QTYuDesS0VtuHNNvMh+CjlKJ4LJickCMUAqjlE3+j8w+RlRpwyX3apEQKGFzbZGdo7XNG1tXa+bQqIE7HIXT2w==",
      "license": "MIT",
      "dependencies": {
        "@radix-ui/rect": "1.1.1"
      },
      "peerDependencies": {
        "@types/react": "*",
        "react": "^16.8 || ^17.0 || ^18.0 || ^19.0 || ^19.0.0-rc"
      },
      "peerDependenciesMeta": {
        "@types/react": {
          "optional": true
        }
      }
    },
    "node_modules/@radix-ui/react-use-size": {
      "version": "1.1.1",
      "resolved": "https://registry.npmjs.org/@radix-ui/react-use-size/-/react-use-size-1.1.1.tgz",
      "integrity": "sha512-ewrXRDTAqAXlkl6t/fkXWNAhFX9I+CkKlw6zjEwk86RSPKwZr3xpBRso655aqYafwtnbpHLj6toFzmd6xdVptQ==",
      "license": "MIT",
      "dependencies": {
        "@radix-ui/react-use-layout-effect": "1.1.1"
      },
      "peerDependencies": {
        "@types/react": "*",
        "react": "^16.8 || ^17.0 || ^18.0 || ^19.0 || ^19.0.0-rc"
      },
      "peerDependenciesMeta": {
        "@types/react": {
          "optional": true
        }
      }
    },
    "node_modules/@radix-ui/react-visually-hidden": {
      "version": "1.2.3",
      "resolved": "https://registry.npmjs.org/@radix-ui/react-visually-hidden/-/react-visually-hidden-1.2.3.tgz",
      "integrity": "sha512-pzJq12tEaaIhqjbzpCuv/OypJY/BPavOofm+dbab+MHLajy277+1lLm6JFcGgF5eskJ6mquGirhXY2GD/8u8Ug==",
      "license": "MIT",
      "dependencies": {
        "@radix-ui/react-primitive": "2.1.3"
      },
      "peerDependencies": {
        "@types/react": "*",
        "@types/react-dom": "*",
        "react": "^16.8 || ^17.0 || ^18.0 || ^19.0 || ^19.0.0-rc",
        "react-dom": "^16.8 || ^17.0 || ^18.0 || ^19.0 || ^19.0.0-rc"
      },
      "peerDependenciesMeta": {
        "@types/react": {
          "optional": true
        },
        "@types/react-dom": {
          "optional": true
        }
      }
    },
    "node_modules/@radix-ui/rect": {
      "version": "1.1.1",
      "resolved": "https://registry.npmjs.org/@radix-ui/rect/-/rect-1.1.1.tgz",
      "integrity": "sha512-HPwpGIzkl28mWyZqG52jiqDJ12waP11Pa1lGoiyUkIEuMLBP0oeK/C89esbXrxsky5we7dfd8U58nm0SgAWpVw==",
      "license": "MIT"
    },
    "node_modules/@react-oauth/google": {
      "version": "0.12.2",
      "resolved": "https://registry.npmjs.org/@react-oauth/google/-/google-0.12.2.tgz",
      "integrity": "sha512-d1GVm2uD4E44EJft2RbKtp8Z1fp/gK8Lb6KHgs3pHlM0PxCXGLaq8LLYQYENnN4xPWO1gkL4apBtlPKzpLvZwg==",
      "license": "MIT",
      "peerDependencies": {
        "react": ">=16.8.0",
        "react-dom": ">=16.8.0"
      }
    },
    "node_modules/@types/node": {
      "version": "24.0.0",
      "resolved": "https://registry.npmjs.org/@types/node/-/node-24.0.0.tgz",
      "integrity": "sha512-yZQa2zm87aRVcqDyH5+4Hv9KYgSdgwX1rFnGvpbzMaC7YAljmhBET93TPiTd3ObwTL+gSpIzPKg5BqVxdCvxKg==",
      "dev": true,
      "license": "MIT",
      "dependencies": {
        "undici-types": "~7.8.0"
      }
    },
    "node_modules/@types/node-cache": {
      "version": "4.1.3",
      "resolved": "https://registry.npmjs.org/@types/node-cache/-/node-cache-4.1.3.tgz",
      "integrity": "sha512-3hsqnv3H1zkOhjygJaJUYmgz5+FcPO3vejBX7cE9/cnuINOJYrzkfOnUCvpwGe9kMZANIHJA7J5pOdeyv52OEw==",
      "dev": true,
      "license": "MIT",
      "dependencies": {
        "@types/node": "*"
      }
    },
    "node_modules/aria-hidden": {
      "version": "1.2.6",
      "resolved": "https://registry.npmjs.org/aria-hidden/-/aria-hidden-1.2.6.tgz",
      "integrity": "sha512-ik3ZgC9dY/lYVVM++OISsaYDeg1tb0VtP5uL3ouh1koGOaUMDPpbFIei4JkFimWUFPn90sbMNMXQAIVOlnYKJA==",
      "license": "MIT",
      "dependencies": {
        "tslib": "^2.0.0"
      },
      "engines": {
        "node": ">=10"
      }
    },
    "node_modules/asynckit": {
      "version": "0.4.0",
      "resolved": "https://registry.npmjs.org/asynckit/-/asynckit-0.4.0.tgz",
      "integrity": "sha512-Oei9OH4tRh0YqU3GxhX79dM/mwVgvbZJaSNaRk+bshkj0S5cfHcgYakreBjrHwatXKbz+IoIdYLxrKim2MjW0Q==",
      "license": "MIT"
    },
    "node_modules/axios": {
      "version": "1.9.0",
      "resolved": "https://registry.npmjs.org/axios/-/axios-1.9.0.tgz",
      "integrity": "sha512-re4CqKTJaURpzbLHtIi6XpDv20/CnpXOtjRY5/CU32L8gU8ek9UIivcfvSWvmKEngmVbrUtPpdDwWDWL7DNHvg==",
      "license": "MIT",
      "dependencies": {
        "follow-redirects": "^1.15.6",
        "form-data": "^4.0.0",
        "proxy-from-env": "^1.1.0"
      }
    },
    "node_modules/call-bind-apply-helpers": {
      "version": "1.0.2",
      "resolved": "https://registry.npmjs.org/call-bind-apply-helpers/-/call-bind-apply-helpers-1.0.2.tgz",
      "integrity": "sha512-Sp1ablJ0ivDkSzjcaJdxEunN5/XvksFJ2sMBFfq6x0ryhQV/2b/KwFe21cMpmHtPOSij8K99/wSfoEuTObmuMQ==",
      "license": "MIT",
      "dependencies": {
        "es-errors": "^1.3.0",
        "function-bind": "^1.1.2"
      },
      "engines": {
        "node": ">= 0.4"
      }
    },
    "node_modules/clone": {
      "version": "2.1.2",
      "resolved": "https://registry.npmjs.org/clone/-/clone-2.1.2.tgz",
      "integrity": "sha512-3Pe/CF1Nn94hyhIYpjtiLhdCoEoz0DqQ+988E9gmeEdQZlojxnOb74wctFyuwWQHzqyf9X7C7MG8juUpqBJT8w==",
      "license": "MIT",
      "engines": {
        "node": ">=0.8"
      }
    },
    "node_modules/cmdk": {
      "version": "1.1.1",
      "resolved": "https://registry.npmjs.org/cmdk/-/cmdk-1.1.1.tgz",
      "integrity": "sha512-Vsv7kFaXm+ptHDMZ7izaRsP70GgrW9NBNGswt9OZaVBLlE0SNpDq8eu/VGXyF9r7M0azK3Wy7OlYXsuyYLFzHg==",
      "license": "MIT",
      "dependencies": {
        "@radix-ui/react-compose-refs": "^1.1.1",
        "@radix-ui/react-dialog": "^1.1.6",
        "@radix-ui/react-id": "^1.1.0",
        "@radix-ui/react-primitive": "^2.0.2"
      },
      "peerDependencies": {
        "react": "^18 || ^19 || ^19.0.0-rc",
        "react-dom": "^18 || ^19 || ^19.0.0-rc"
      }
    },
    "node_modules/combined-stream": {
      "version": "1.0.8",
      "resolved": "https://registry.npmjs.org/combined-stream/-/combined-stream-1.0.8.tgz",
      "integrity": "sha512-FQN4MRfuJeHf7cBbBMJFXhKSDq+2kAArBlmRBvcvFE5BB1HZKXtSFASDhdlz9zOYwxh8lDdnvmMOe/+5cdoEdg==",
      "license": "MIT",
      "dependencies": {
        "delayed-stream": "~1.0.0"
      },
      "engines": {
        "node": ">= 0.8"
      }
    },
    "node_modules/cors": {
      "version": "2.8.5",
      "resolved": "https://registry.npmjs.org/cors/-/cors-2.8.5.tgz",
      "integrity": "sha512-KIHbLJqu73RGr/hnbrO9uBeixNGuvSQjul/jdFvS/KFSIH1hWVd1ng7zOHx+YrEfInLG7q4n6GHQ9cDtxv/P6g==",
      "license": "MIT",
      "dependencies": {
        "object-assign": "^4",
        "vary": "^1"
      },
      "engines": {
        "node": ">= 0.10"
      }
    },
    "node_modules/date-fns": {
      "version": "4.1.0",
      "resolved": "https://registry.npmjs.org/date-fns/-/date-fns-4.1.0.tgz",
      "integrity": "sha512-Ukq0owbQXxa/U3EGtsdVBkR1w7KOQ5gIBqdH2hkvknzZPYvBxb/aa6E8L7tmjFtkwZBu3UXBbjIgPo/Ez4xaNg==",
      "license": "MIT",
      "funding": {
        "type": "github",
        "url": "https://github.com/sponsors/kossnocorp"
      }
    },
    "node_modules/date-fns-jalali": {
      "version": "4.1.0-0",
      "resolved": "https://registry.npmjs.org/date-fns-jalali/-/date-fns-jalali-4.1.0-0.tgz",
      "integrity": "sha512-hTIP/z+t+qKwBDcmmsnmjWTduxCg+5KfdqWQvb2X/8C9+knYY6epN/pfxdDuyVlSVeFz0sM5eEfwIUQ70U4ckg==",
      "license": "MIT"
    },
    "node_modules/delayed-stream": {
      "version": "1.0.0",
      "resolved": "https://registry.npmjs.org/delayed-stream/-/delayed-stream-1.0.0.tgz",
      "integrity": "sha512-ZySD7Nf91aLB0RxL4KGrKHBXl7Eds1DAmEdcoVawXnLD7SDhpNgtuII2aAkg7a7QS41jxPSZ17p4VdGnMHk3MQ==",
      "license": "MIT",
      "engines": {
        "node": ">=0.4.0"
      }
    },
    "node_modules/dequal": {
      "version": "2.0.3",
      "resolved": "https://registry.npmjs.org/dequal/-/dequal-2.0.3.tgz",
      "integrity": "sha512-0je+qPKHEMohvfRTCEo3CrPG6cAzAYgmzKyxRiYSSDkS6eGJdyVJm7WaYA5ECaAD9wLB2T4EEeymA5aFVcYXCA==",
      "license": "MIT",
      "engines": {
        "node": ">=6"
      }
    },
    "node_modules/detect-node-es": {
      "version": "1.1.0",
      "resolved": "https://registry.npmjs.org/detect-node-es/-/detect-node-es-1.1.0.tgz",
      "integrity": "sha512-ypdmJU/TbBby2Dxibuv7ZLW3Bs1QEmM7nHjEANfohJLvE0XVujisn1qPJcZxg+qDucsr+bP6fLD1rPS3AhJ7EQ==",
      "license": "MIT"
    },
    "node_modules/dunder-proto": {
      "version": "1.0.1",
      "resolved": "https://registry.npmjs.org/dunder-proto/-/dunder-proto-1.0.1.tgz",
      "integrity": "sha512-KIN/nDJBQRcXw0MLVhZE9iQHmG68qAVIBg9CqmUYjmQIhgij9U5MFvrqkUL5FbtyyzZuOeOt0zdeRe4UY7ct+A==",
      "license": "MIT",
      "dependencies": {
        "call-bind-apply-helpers": "^1.0.1",
        "es-errors": "^1.3.0",
        "gopd": "^1.2.0"
      },
      "engines": {
        "node": ">= 0.4"
      }
    },
    "node_modules/es-define-property": {
      "version": "1.0.1",
      "resolved": "https://registry.npmjs.org/es-define-property/-/es-define-property-1.0.1.tgz",
      "integrity": "sha512-e3nRfgfUZ4rNGL232gUgX06QNyyez04KdjFrF+LTRoOXmrOgFKDg4BCdsjW8EnT69eqdYGmRpJwiPVYNrCaW3g==",
      "license": "MIT",
      "engines": {
        "node": ">= 0.4"
      }
    },
    "node_modules/es-errors": {
      "version": "1.3.0",
      "resolved": "https://registry.npmjs.org/es-errors/-/es-errors-1.3.0.tgz",
      "integrity": "sha512-Zf5H2Kxt2xjTvbJvP2ZWLEICxA6j+hAmMzIlypy4xcBg1vKVnx89Wy0GbS+kf5cwCVFFzdCFh2XSCFNULS6csw==",
      "license": "MIT",
      "engines": {
        "node": ">= 0.4"
      }
    },
    "node_modules/es-object-atoms": {
      "version": "1.1.1",
      "resolved": "https://registry.npmjs.org/es-object-atoms/-/es-object-atoms-1.1.1.tgz",
      "integrity": "sha512-FGgH2h8zKNim9ljj7dankFPcICIK9Cp5bm+c2gQSYePhpaG5+esrLODihIorn+Pe6FGJzWhXQotPv73jTaldXA==",
      "license": "MIT",
      "dependencies": {
        "es-errors": "^1.3.0"
      },
      "engines": {
        "node": ">= 0.4"
      }
    },
    "node_modules/es-set-tostringtag": {
      "version": "2.1.0",
      "resolved": "https://registry.npmjs.org/es-set-tostringtag/-/es-set-tostringtag-2.1.0.tgz",
      "integrity": "sha512-j6vWzfrGVfyXxge+O0x5sh6cvxAog0a/4Rdd2K36zCMV5eJ+/+tOAngRO8cODMNWbVRdVlmGZQL2YS3yR8bIUA==",
      "license": "MIT",
      "dependencies": {
        "es-errors": "^1.3.0",
        "get-intrinsic": "^1.2.6",
        "has-tostringtag": "^1.0.2",
        "hasown": "^2.0.2"
      },
      "engines": {
        "node": ">= 0.4"
      }
    },
    "node_modules/follow-redirects": {
      "version": "1.15.9",
      "resolved": "https://registry.npmjs.org/follow-redirects/-/follow-redirects-1.15.9.tgz",
      "integrity": "sha512-gew4GsXizNgdoRyqmyfMHyAmXsZDk6mHkSxZFCzW9gwlbtOW44CDtYavM+y+72qD/Vq2l550kMF52DT8fOLJqQ==",
      "funding": [
        {
          "type": "individual",
          "url": "https://github.com/sponsors/RubenVerborgh"
        }
      ],
      "license": "MIT",
      "engines": {
        "node": ">=4.0"
      },
      "peerDependenciesMeta": {
        "debug": {
          "optional": true
        }
      }
    },
    "node_modules/form-data": {
      "version": "4.0.3",
      "resolved": "https://registry.npmjs.org/form-data/-/form-data-4.0.3.tgz",
      "integrity": "sha512-qsITQPfmvMOSAdeyZ+12I1c+CKSstAFAwu+97zrnWAbIr5u8wfsExUzCesVLC8NgHuRUqNN4Zy6UPWUTRGslcA==",
      "license": "MIT",
      "dependencies": {
        "asynckit": "^0.4.0",
        "combined-stream": "^1.0.8",
        "es-set-tostringtag": "^2.1.0",
        "hasown": "^2.0.2",
        "mime-types": "^2.1.12"
      },
      "engines": {
        "node": ">= 6"
      }
    },
    "node_modules/framer-motion": {
      "version": "12.12.1",
      "resolved": "https://registry.npmjs.org/framer-motion/-/framer-motion-12.12.1.tgz",
      "integrity": "sha512-PFw4/GCREHI2suK/NlPSUxd+x6Rkp80uQsfCRFSOQNrm5pZif7eGtmG1VaD/UF1fW9tRBy5AaS77StatB3OJDg==",
      "license": "MIT",
      "dependencies": {
        "motion-dom": "^12.12.1",
        "motion-utils": "^12.12.1",
        "tslib": "^2.4.0"
      },
      "peerDependencies": {
        "@emotion/is-prop-valid": "*",
        "react": "^18.0.0 || ^19.0.0",
        "react-dom": "^18.0.0 || ^19.0.0"
      },
      "peerDependenciesMeta": {
        "@emotion/is-prop-valid": {
          "optional": true
        },
        "react": {
          "optional": true
        },
        "react-dom": {
          "optional": true
        }
      }
    },
    "node_modules/function-bind": {
      "version": "1.1.2",
      "resolved": "https://registry.npmjs.org/function-bind/-/function-bind-1.1.2.tgz",
      "integrity": "sha512-7XHNxH7qX9xG5mIwxkhumTox/MIRNcOgDrxWsMt2pAr23WHp6MrRlN7FBSFpCpr+oVO0F744iUgR82nJMfG2SA==",
      "license": "MIT",
      "funding": {
        "url": "https://github.com/sponsors/ljharb"
      }
    },
    "node_modules/get-intrinsic": {
      "version": "1.3.0",
      "resolved": "https://registry.npmjs.org/get-intrinsic/-/get-intrinsic-1.3.0.tgz",
      "integrity": "sha512-9fSjSaos/fRIVIp+xSJlE6lfwhES7LNtKaCBIamHsjr2na1BiABJPo0mOjjz8GJDURarmCPGqaiVg5mfjb98CQ==",
      "license": "MIT",
      "dependencies": {
        "call-bind-apply-helpers": "^1.0.2",
        "es-define-property": "^1.0.1",
        "es-errors": "^1.3.0",
        "es-object-atoms": "^1.1.1",
        "function-bind": "^1.1.2",
        "get-proto": "^1.0.1",
        "gopd": "^1.2.0",
        "has-symbols": "^1.1.0",
        "hasown": "^2.0.2",
        "math-intrinsics": "^1.1.0"
      },
      "engines": {
        "node": ">= 0.4"
      },
      "funding": {
        "url": "https://github.com/sponsors/ljharb"
      }
    },
    "node_modules/get-nonce": {
      "version": "1.0.1",
      "resolved": "https://registry.npmjs.org/get-nonce/-/get-nonce-1.0.1.tgz",
      "integrity": "sha512-FJhYRoDaiatfEkUK8HKlicmu/3SGFD51q3itKDGoSTysQJBnfOcxU5GxnhE1E6soB76MbT0MBtnKJuXyAx+96Q==",
      "license": "MIT",
      "engines": {
        "node": ">=6"
      }
    },
    "node_modules/get-proto": {
      "version": "1.0.1",
      "resolved": "https://registry.npmjs.org/get-proto/-/get-proto-1.0.1.tgz",
      "integrity": "sha512-sTSfBjoXBp89JvIKIefqw7U2CCebsc74kiY6awiGogKtoSGbgjYE/G/+l9sF3MWFPNc9IcoOC4ODfKHfxFmp0g==",
      "license": "MIT",
      "dependencies": {
        "dunder-proto": "^1.0.1",
        "es-object-atoms": "^1.0.0"
      },
      "engines": {
        "node": ">= 0.4"
      }
    },
    "node_modules/gopd": {
      "version": "1.2.0",
      "resolved": "https://registry.npmjs.org/gopd/-/gopd-1.2.0.tgz",
      "integrity": "sha512-ZUKRh6/kUFoAiTAtTYPZJ3hw9wNxx+BIBOijnlG9PnrJsCcSjs1wyyD6vJpaYtgnzDrKYRSqf3OO6Rfa93xsRg==",
      "license": "MIT",
      "engines": {
        "node": ">= 0.4"
      },
      "funding": {
        "url": "https://github.com/sponsors/ljharb"
      }
    },
    "node_modules/has-symbols": {
      "version": "1.1.0",
      "resolved": "https://registry.npmjs.org/has-symbols/-/has-symbols-1.1.0.tgz",
      "integrity": "sha512-1cDNdwJ2Jaohmb3sg4OmKaMBwuC48sYni5HUw2DvsC8LjGTLK9h+eb1X6RyuOHe4hT0ULCW68iomhjUoKUqlPQ==",
      "license": "MIT",
      "engines": {
        "node": ">= 0.4"
      },
      "funding": {
        "url": "https://github.com/sponsors/ljharb"
      }
    },
    "node_modules/has-tostringtag": {
      "version": "1.0.2",
      "resolved": "https://registry.npmjs.org/has-tostringtag/-/has-tostringtag-1.0.2.tgz",
      "integrity": "sha512-NqADB8VjPFLM2V0VvHUewwwsw0ZWBaIdgo+ieHtK3hasLz4qeCRjYcqfB6AQrBggRKppKF8L52/VqdVsO47Dlw==",
      "license": "MIT",
      "dependencies": {
        "has-symbols": "^1.0.3"
      },
      "engines": {
        "node": ">= 0.4"
      },
      "funding": {
        "url": "https://github.com/sponsors/ljharb"
      }
    },
    "node_modules/hasown": {
      "version": "2.0.2",
      "resolved": "https://registry.npmjs.org/hasown/-/hasown-2.0.2.tgz",
      "integrity": "sha512-0hJU9SCPvmMzIBdZFqNPXWa6dqh7WdH0cII9y+CyS8rG3nL48Bclra9HmKhVVUHyPWNH5Y7xDwAB7bfgSjkUMQ==",
      "license": "MIT",
      "dependencies": {
        "function-bind": "^1.1.2"
      },
      "engines": {
        "node": ">= 0.4"
      }
    },
    "node_modules/math-intrinsics": {
      "version": "1.1.0",
      "resolved": "https://registry.npmjs.org/math-intrinsics/-/math-intrinsics-1.1.0.tgz",
      "integrity": "sha512-/IXtbwEk5HTPyEwyKX6hGkYXxM9nbj64B+ilVJnC/R6B0pH5G4V3b0pVbL7DBj4tkhBAppbQUlf6F6Xl9LHu1g==",
      "license": "MIT",
      "engines": {
        "node": ">= 0.4"
      }
    },
    "node_modules/mime-db": {
      "version": "1.52.0",
      "resolved": "https://registry.npmjs.org/mime-db/-/mime-db-1.52.0.tgz",
      "integrity": "sha512-sPU4uV7dYlvtWJxwwxHD0PuihVNiE7TyAbQ5SWxDCB9mUYvOgroQOwYQQOKPJ8CIbE+1ETVlOoK1UC2nU3gYvg==",
      "license": "MIT",
      "engines": {
        "node": ">= 0.6"
      }
    },
    "node_modules/mime-types": {
      "version": "2.1.35",
      "resolved": "https://registry.npmjs.org/mime-types/-/mime-types-2.1.35.tgz",
      "integrity": "sha512-ZDY+bPm5zTTF+YpCrAU9nK0UgICYPT0QtT1NZWFv4s++TNkcgVaT0g6+4R2uI4MjQjzysHB1zxuWL50hzaeXiw==",
      "license": "MIT",
      "dependencies": {
        "mime-db": "1.52.0"
      },
      "engines": {
        "node": ">= 0.6"
      }
    },
    "node_modules/motion-dom": {
      "version": "12.12.1",
      "resolved": "https://registry.npmjs.org/motion-dom/-/motion-dom-12.12.1.tgz",
      "integrity": "sha512-GXq/uUbZBEiFFE+K1Z/sxdPdadMdfJ/jmBALDfIuHGi0NmtealLOfH9FqT+6aNPgVx8ilq0DtYmyQlo6Uj9LKQ==",
      "license": "MIT",
      "dependencies": {
        "motion-utils": "^12.12.1"
      }
    },
    "node_modules/motion-utils": {
      "version": "12.12.1",
      "resolved": "https://registry.npmjs.org/motion-utils/-/motion-utils-12.12.1.tgz",
      "integrity": "sha512-f9qiqUHm7hWSLlNW8gS9pisnsN7CRFRD58vNjptKdsqFLpkVnX00TNeD6Q0d27V9KzT7ySFyK1TZ/DShfVOv6w==",
      "license": "MIT"
    },
    "node_modules/node-cache": {
      "version": "5.1.2",
      "resolved": "https://registry.npmjs.org/node-cache/-/node-cache-5.1.2.tgz",
      "integrity": "sha512-t1QzWwnk4sjLWaQAS8CHgOJ+RAfmHpxFWmc36IWTiWHQfs0w5JDMBS1b1ZxQteo0vVVuWJvIUKHDkkeK7vIGCg==",
      "license": "MIT",
      "dependencies": {
        "clone": "2.x"
      },
      "engines": {
        "node": ">= 8.0.0"
      }
    },
    "node_modules/object-assign": {
      "version": "4.1.1",
      "resolved": "https://registry.npmjs.org/object-assign/-/object-assign-4.1.1.tgz",
      "integrity": "sha512-rJgTQnkUnH1sFw8yT6VSU3zD3sWmu6sZhIseY8VX+GRu3P6F7Fu+JNDoXfklElbLJSnc3FUQHVe4cU5hj+BcUg==",
      "license": "MIT",
      "engines": {
        "node": ">=0.10.0"
      }
    },
    "node_modules/proxy-from-env": {
      "version": "1.1.0",
      "resolved": "https://registry.npmjs.org/proxy-from-env/-/proxy-from-env-1.1.0.tgz",
      "integrity": "sha512-D+zkORCbA9f1tdWRK0RaCR3GPv50cMxcrz4X8k5LTSUD1Dkw47mKJEZQNunItRTkWwgtaUSo1RVFRIG9ZXiFYg==",
      "license": "MIT"
    },
    "node_modules/react": {
      "version": "19.1.0",
      "resolved": "https://registry.npmjs.org/react/-/react-19.1.0.tgz",
      "integrity": "sha512-FS+XFBNvn3GTAWq26joslQgWNoFu08F4kl0J4CgdNKADkdSGXQyTCnKteIAJy96Br6YbpEU1LSzV5dYtjMkMDg==",
      "license": "MIT",
      "peer": true,
      "engines": {
        "node": ">=0.10.0"
      }
    },
    "node_modules/react-day-picker": {
      "version": "9.7.0",
      "resolved": "https://registry.npmjs.org/react-day-picker/-/react-day-picker-9.7.0.tgz",
      "integrity": "sha512-urlK4C9XJZVpQ81tmVgd2O7lZ0VQldZeHzNejbwLWZSkzHH498KnArT0EHNfKBOWwKc935iMLGZdxXPRISzUxQ==",
      "license": "MIT",
      "dependencies": {
        "@date-fns/tz": "1.2.0",
        "date-fns": "4.1.0",
        "date-fns-jalali": "4.1.0-0"
      },
      "engines": {
        "node": ">=18"
      },
      "funding": {
        "type": "individual",
        "url": "https://github.com/sponsors/gpbl"
      },
      "peerDependencies": {
        "react": ">=16.8.0"
      }
    },
    "node_modules/react-dom": {
      "version": "19.1.0",
      "resolved": "https://registry.npmjs.org/react-dom/-/react-dom-19.1.0.tgz",
      "integrity": "sha512-Xs1hdnE+DyKgeHJeJznQmYMIBG3TKIHJJT95Q58nHLSrElKlGQqDTR2HQ9fx5CN/Gk6Vh/kupBTDLU11/nDk/g==",
      "license": "MIT",
      "peer": true,
      "dependencies": {
        "scheduler": "^0.26.0"
      },
      "peerDependencies": {
        "react": "^19.1.0"
      }
    },
    "node_modules/react-remove-scroll": {
      "version": "2.7.0",
      "resolved": "https://registry.npmjs.org/react-remove-scroll/-/react-remove-scroll-2.7.0.tgz",
      "integrity": "sha512-sGsQtcjMqdQyijAHytfGEELB8FufGbfXIsvUTe+NLx1GDRJCXtCFLBLUI1eyZCKXXvbEU2C6gai0PZKoIE9Vbg==",
      "license": "MIT",
      "dependencies": {
        "react-remove-scroll-bar": "^2.3.7",
        "react-style-singleton": "^2.2.3",
        "tslib": "^2.1.0",
        "use-callback-ref": "^1.3.3",
        "use-sidecar": "^1.1.3"
      },
      "engines": {
        "node": ">=10"
      },
      "peerDependencies": {
        "@types/react": "*",
        "react": "^16.8.0 || ^17.0.0 || ^18.0.0 || ^19.0.0 || ^19.0.0-rc"
      },
      "peerDependenciesMeta": {
        "@types/react": {
          "optional": true
        }
      }
    },
    "node_modules/react-remove-scroll-bar": {
      "version": "2.3.8",
      "resolved": "https://registry.npmjs.org/react-remove-scroll-bar/-/react-remove-scroll-bar-2.3.8.tgz",
      "integrity": "sha512-9r+yi9+mgU33AKcj6IbT9oRCO78WriSj6t/cF8DWBZJ9aOGPOTEDvdUDz1FwKim7QXWwmHqtdHnRJfhAxEG46Q==",
      "license": "MIT",
      "dependencies": {
        "react-style-singleton": "^2.2.2",
        "tslib": "^2.0.0"
      },
      "engines": {
        "node": ">=10"
      },
      "peerDependencies": {
        "@types/react": "*",
        "react": "^16.8.0 || ^17.0.0 || ^18.0.0 || ^19.0.0"
      },
      "peerDependenciesMeta": {
        "@types/react": {
          "optional": true
        }
      }
    },
    "node_modules/react-style-singleton": {
      "version": "2.2.3",
      "resolved": "https://registry.npmjs.org/react-style-singleton/-/react-style-singleton-2.2.3.tgz",
      "integrity": "sha512-b6jSvxvVnyptAiLjbkWLE/lOnR4lfTtDAl+eUC7RZy+QQWc6wRzIV2CE6xBuMmDxc2qIihtDCZD5NPOFl7fRBQ==",
      "license": "MIT",
      "dependencies": {
        "get-nonce": "^1.0.0",
        "tslib": "^2.0.0"
      },
      "engines": {
        "node": ">=10"
      },
      "peerDependencies": {
        "@types/react": "*",
        "react": "^16.8.0 || ^17.0.0 || ^18.0.0 || ^19.0.0 || ^19.0.0-rc"
      },
      "peerDependenciesMeta": {
        "@types/react": {
          "optional": true
        }
      }
    },
    "node_modules/scheduler": {
      "version": "0.26.0",
      "resolved": "https://registry.npmjs.org/scheduler/-/scheduler-0.26.0.tgz",
      "integrity": "sha512-NlHwttCI/l5gCPR3D1nNXtWABUmBwvZpEQiD4IXSbIDq8BzLIK/7Ir5gTFSGZDUu37K5cMNp0hFtzO38sC7gWA==",
      "license": "MIT",
      "peer": true
    },
    "node_modules/swr": {
      "version": "2.3.3",
      "resolved": "https://registry.npmjs.org/swr/-/swr-2.3.3.tgz",
      "integrity": "sha512-dshNvs3ExOqtZ6kJBaAsabhPdHyeY4P2cKwRCniDVifBMoG/SVI7tfLWqPXriVspf2Rg4tPzXJTnwaihIeFw2A==",
      "license": "MIT",
      "dependencies": {
        "dequal": "^2.0.3",
        "use-sync-external-store": "^1.4.0"
      },
      "peerDependencies": {
        "react": "^16.11.0 || ^17.0.0 || ^18.0.0 || ^19.0.0"
      }
    },
    "node_modules/tailwindcss": {
      "version": "4.1.6",
      "resolved": "https://registry.npmjs.org/tailwindcss/-/tailwindcss-4.1.6.tgz",
      "integrity": "sha512-j0cGLTreM6u4OWzBeLBpycK0WIh8w7kSwcUsQZoGLHZ7xDTdM69lN64AgoIEEwFi0tnhs4wSykUa5YWxAzgFYg==",
      "dev": true,
      "license": "MIT",
      "peer": true
    },
    "node_modules/tailwindcss-animate": {
      "version": "1.0.7",
      "resolved": "https://registry.npmjs.org/tailwindcss-animate/-/tailwindcss-animate-1.0.7.tgz",
      "integrity": "sha512-bl6mpH3T7I3UFxuvDEXLxy/VuFxBk5bbzplh7tXI68mwMokNYd1t9qPBHlnyTwfa4JGC4zP516I1hYYtQ/vspA==",
      "dev": true,
      "license": "MIT",
      "peerDependencies": {
        "tailwindcss": ">=3.0.0 || insiders"
      }
    },
    "node_modules/tslib": {
      "version": "2.8.1",
      "resolved": "https://registry.npmjs.org/tslib/-/tslib-2.8.1.tgz",
      "integrity": "sha512-oJFu94HQb+KVduSUQL7wnpmqnfmLsOA/nAh6b6EH0wCEoK0/mPeXU6c3wKDV83MkOuHPRHtSXKKU99IBazS/2w==",
      "license": "0BSD"
    },
    "node_modules/undici-types": {
      "version": "7.8.0",
      "resolved": "https://registry.npmjs.org/undici-types/-/undici-types-7.8.0.tgz",
      "integrity": "sha512-9UJ2xGDvQ43tYyVMpuHlsgApydB8ZKfVYTsLDhXkFL/6gfkp+U8xTGdh8pMJv1SpZna0zxG1DwsKZsreLbXBxw==",
      "dev": true,
      "license": "MIT"
    },
    "node_modules/use-callback-ref": {
      "version": "1.3.3",
      "resolved": "https://registry.npmjs.org/use-callback-ref/-/use-callback-ref-1.3.3.tgz",
      "integrity": "sha512-jQL3lRnocaFtu3V00JToYz/4QkNWswxijDaCVNZRiRTO3HQDLsdu1ZtmIUvV4yPp+rvWm5j0y0TG/S61cuijTg==",
      "license": "MIT",
      "dependencies": {
        "tslib": "^2.0.0"
      },
      "engines": {
        "node": ">=10"
      },
      "peerDependencies": {
        "@types/react": "*",
        "react": "^16.8.0 || ^17.0.0 || ^18.0.0 || ^19.0.0 || ^19.0.0-rc"
      },
      "peerDependenciesMeta": {
        "@types/react": {
          "optional": true
        }
      }
    },
    "node_modules/use-debounce": {
      "version": "10.0.5",
      "resolved": "https://registry.npmjs.org/use-debounce/-/use-debounce-10.0.5.tgz",
      "integrity": "sha512-Q76E3lnIV+4YT9AHcrHEHYmAd9LKwUAbPXDm7FlqVGDHiSOhX3RDjT8dm0AxbJup6WgOb1YEcKyCr11kBJR5KQ==",
      "license": "MIT",
      "engines": {
        "node": ">= 16.0.0"
      },
      "peerDependencies": {
        "react": "*"
      }
    },
    "node_modules/use-sidecar": {
      "version": "1.1.3",
      "resolved": "https://registry.npmjs.org/use-sidecar/-/use-sidecar-1.1.3.tgz",
      "integrity": "sha512-Fedw0aZvkhynoPYlA5WXrMCAMm+nSWdZt6lzJQ7Ok8S6Q+VsHmHpRWndVRJ8Be0ZbkfPc5LRYH+5XrzXcEeLRQ==",
      "license": "MIT",
      "dependencies": {
        "detect-node-es": "^1.1.0",
        "tslib": "^2.0.0"
      },
      "engines": {
        "node": ">=10"
      },
      "peerDependencies": {
        "@types/react": "*",
        "react": "^16.8.0 || ^17.0.0 || ^18.0.0 || ^19.0.0 || ^19.0.0-rc"
      },
      "peerDependenciesMeta": {
        "@types/react": {
          "optional": true
        }
      }
    },
    "node_modules/use-sync-external-store": {
      "version": "1.5.0",
      "resolved": "https://registry.npmjs.org/use-sync-external-store/-/use-sync-external-store-1.5.0.tgz",
      "integrity": "sha512-Rb46I4cGGVBmjamjphe8L/UnvJD+uPPtTkNvX5mZgqdbavhI4EbgIWJiIHXJ8bc/i9EQGPRh4DwEURJ552Do0A==",
      "license": "MIT",
      "peerDependencies": {
        "react": "^16.8.0 || ^17.0.0 || ^18.0.0 || ^19.0.0"
      }
    },
    "node_modules/vary": {
      "version": "1.1.2",
      "resolved": "https://registry.npmjs.org/vary/-/vary-1.1.2.tgz",
      "integrity": "sha512-BNGbWLfd0eUPabhkXUVm0j8uuvREyTh5ovRa/dyow/BqAbZJyC+5fU+IzQOzmAKzYqYRAISoRhdQr3eIZ/PXqg==",
      "license": "MIT",
      "engines": {
        "node": ">= 0.8"
      }
    }
  }
}
